// !$*UTF8*$!
{
	archiveVersion = 1;
	classes = {
	};
	objectVersion = 55;
	objects = {

/* Begin PBXBuildFile section */
		5FD3E5652785FBC0002EDA5F /* keopi_appApp.swift in Sources */ = {isa = PBXBuildFile; fileRef = 5FD3E5642785FBC0002EDA5F /* keopi_appApp.swift */; };
		5FD3E5672785FBC0002EDA5F /* CafeListView.swift in Sources */ = {isa = PBXBuildFile; fileRef = 5FD3E5662785FBC0002EDA5F /* CafeListView.swift */; };
		5FD3E5692785FBC0002EDA5F /* Assets.xcassets in Resources */ = {isa = PBXBuildFile; fileRef = 5FD3E5682785FBC0002EDA5F /* Assets.xcassets */; };
		5FD3E56C2785FBC0002EDA5F /* Preview Assets.xcassets in Resources */ = {isa = PBXBuildFile; fileRef = 5FD3E56B2785FBC0002EDA5F /* Preview Assets.xcassets */; };
		5FF45A12278733EF00A17588 /* CafeListViewModel.swift in Sources */ = {isa = PBXBuildFile; fileRef = 5FF45A11278733EF00A17588 /* CafeListViewModel.swift */; };
		5FF45A152787342A00A17588 /* CafeModel.swift in Sources */ = {isa = PBXBuildFile; fileRef = 5FF45A142787342A00A17588 /* CafeModel.swift */; };
/* End PBXBuildFile section */

/* Begin PBXFileReference section */
		5FD3E5612785FBC0002EDA5F /* keopi-app.app */ = {isa = PBXFileReference; explicitFileType = wrapper.application; includeInIndex = 0; path = "keopi-app.app"; sourceTree = BUILT_PRODUCTS_DIR; };
		5FD3E5642785FBC0002EDA5F /* keopi_appApp.swift */ = {isa = PBXFileReference; lastKnownFileType = sourcecode.swift; path = keopi_appApp.swift; sourceTree = "<group>"; };
		5FD3E5662785FBC0002EDA5F /* CafeListView.swift */ = {isa = PBXFileReference; lastKnownFileType = sourcecode.swift; path = CafeListView.swift; sourceTree = "<group>"; };
		5FD3E5682785FBC0002EDA5F /* Assets.xcassets */ = {isa = PBXFileReference; lastKnownFileType = folder.assetcatalog; path = Assets.xcassets; sourceTree = "<group>"; };
		5FD3E56B2785FBC0002EDA5F /* Preview Assets.xcassets */ = {isa = PBXFileReference; lastKnownFileType = folder.assetcatalog; path = "Preview Assets.xcassets"; sourceTree = "<group>"; };
		5FF45A11278733EF00A17588 /* CafeListViewModel.swift */ = {isa = PBXFileReference; lastKnownFileType = sourcecode.swift; path = CafeListViewModel.swift; sourceTree = "<group>"; };
		5FF45A142787342A00A17588 /* CafeModel.swift */ = {isa = PBXFileReference; lastKnownFileType = sourcecode.swift; path = CafeModel.swift; sourceTree = "<group>"; };
/* End PBXFileReference section */

/* Begin PBXFrameworksBuildPhase section */
		5FD3E55E2785FBC0002EDA5F /* Frameworks */ = {
			isa = PBXFrameworksBuildPhase;
			buildActionMask = 2147483647;
			files = (
			);
			runOnlyForDeploymentPostprocessing = 0;
		};
/* End PBXFrameworksBuildPhase section */

/* Begin PBXGroup section */
		5FD3E5582785FBBF002EDA5F = {
			isa = PBXGroup;
			children = (
				5FD3E5632785FBC0002EDA5F /* keopi-app */,
				5FD3E5622785FBC0002EDA5F /* Products */,
			);
			sourceTree = "<group>";
		};
		5FD3E5622785FBC0002EDA5F /* Products */ = {
			isa = PBXGroup;
			children = (
				5FD3E5612785FBC0002EDA5F /* keopi-app.app */,
			);
			name = Products;
			sourceTree = "<group>";
		};
		5FD3E5632785FBC0002EDA5F /* keopi-app */ = {
			isa = PBXGroup;
			children = (
				5FD3E5642785FBC0002EDA5F /* keopi_appApp.swift */,
				5FD3E5662785FBC0002EDA5F /* CafeListView.swift */,
				5FF45A132787342000A17588 /* Models */,
				5FF45A10278733DD00A17588 /* ViewModels */,
				5FD3E5682785FBC0002EDA5F /* Assets.xcassets */,
				5FD3E56A2785FBC0002EDA5F /* Preview Content */,
			);
			path = "keopi-app";
			sourceTree = "<group>";
		};
		5FD3E56A2785FBC0002EDA5F /* Preview Content */ = {
			isa = PBXGroup;
			children = (
				5FD3E56B2785FBC0002EDA5F /* Preview Assets.xcassets */,
			);
			path = "Preview Content";
			sourceTree = "<group>";
		};
		5FF45A10278733DD00A17588 /* ViewModels */ = {
			isa = PBXGroup;
			children = (
				5FF45A11278733EF00A17588 /* CafeListViewModel.swift */,
			);
			path = ViewModels;
			sourceTree = "<group>";
		};
		5FF45A132787342000A17588 /* Models */ = {
			isa = PBXGroup;
			children = (
				5FF45A142787342A00A17588 /* CafeModel.swift */,
			);
			path = Models;
			sourceTree = "<group>";
		};
/* End PBXGroup section */

/* Begin PBXNativeTarget section */
		5FD3E5602785FBC0002EDA5F /* keopi-app */ = {
			isa = PBXNativeTarget;
			buildConfigurationList = 5FD3E56F2785FBC0002EDA5F /* Build configuration list for PBXNativeTarget "keopi-app" */;
			buildPhases = (
				5FD3E55D2785FBC0002EDA5F /* Sources */,
				5FD3E55E2785FBC0002EDA5F /* Frameworks */,
				5FD3E55F2785FBC0002EDA5F /* Resources */,
			);
			buildRules = (
			);
			dependencies = (
			);
			name = "keopi-app";
			productName = "keopi-app";
			productReference = 5FD3E5612785FBC0002EDA5F /* keopi-app.app */;
			productType = "com.apple.product-type.application";
		};
/* End PBXNativeTarget section */

/* Begin PBXProject section */
		5FD3E5592785FBBF002EDA5F /* Project object */ = {
			isa = PBXProject;
			attributes = {
				BuildIndependentTargetsInParallel = 1;
				LastSwiftUpdateCheck = 1320;
				LastUpgradeCheck = 1320;
				TargetAttributes = {
					5FD3E5602785FBC0002EDA5F = {
						CreatedOnToolsVersion = 13.2.1;
					};
				};
			};
			buildConfigurationList = 5FD3E55C2785FBC0002EDA5F /* Build configuration list for PBXProject "keopi-app" */;
			compatibilityVersion = "Xcode 13.0";
			developmentRegion = en;
			hasScannedForEncodings = 0;
			knownRegions = (
				en,
				Base,
			);
			mainGroup = 5FD3E5582785FBBF002EDA5F;
			productRefGroup = 5FD3E5622785FBC0002EDA5F /* Products */;
			projectDirPath = "";
			projectRoot = "";
			targets = (
				5FD3E5602785FBC0002EDA5F /* keopi-app */,
			);
		};
/* End PBXProject section */

/* Begin PBXResourcesBuildPhase section */
		5FD3E55F2785FBC0002EDA5F /* Resources */ = {
			isa = PBXResourcesBuildPhase;
			buildActionMask = 2147483647;
			files = (
				5FD3E56C2785FBC0002EDA5F /* Preview Assets.xcassets in Resources */,
				5FD3E5692785FBC0002EDA5F /* Assets.xcassets in Resources */,
			);
			runOnlyForDeploymentPostprocessing = 0;
		};
/* End PBXResourcesBuildPhase section */

/* Begin PBXSourcesBuildPhase section */
		5FD3E55D2785FBC0002EDA5F /* Sources */ = {
			isa = PBXSourcesBuildPhase;
			buildActionMask = 2147483647;
			files = (
				5FD3E5672785FBC0002EDA5F /* CafeListView.swift in Sources */,
				5FF45A12278733EF00A17588 /* CafeListViewModel.swift in Sources */,
				5FF45A152787342A00A17588 /* CafeModel.swift in Sources */,
				5FD3E5652785FBC0002EDA5F /* keopi_appApp.swift in Sources */,
			);
			runOnlyForDeploymentPostprocessing = 0;
		};
/* End PBXSourcesBuildPhase section */

/* Begin XCBuildConfiguration section */
		5FD3E56D2785FBC0002EDA5F /* Debug */ = {
			isa = XCBuildConfiguration;
			buildSettings = {
				ALWAYS_SEARCH_USER_PATHS = NO;
				CLANG_ANALYZER_NONNULL = YES;
				CLANG_ANALYZER_NUMBER_OBJECT_CONVERSION = YES_AGGRESSIVE;
				CLANG_CXX_LANGUAGE_STANDARD = "gnu++17";
				CLANG_CXX_LIBRARY = "libc++";
				CLANG_ENABLE_MODULES = YES;
				CLANG_ENABLE_OBJC_ARC = YES;
				CLANG_ENABLE_OBJC_WEAK = YES;
				CLANG_WARN_BLOCK_CAPTURE_AUTORELEASING = YES;
				CLANG_WARN_BOOL_CONVERSION = YES;
				CLANG_WARN_COMMA = YES;
				CLANG_WARN_CONSTANT_CONVERSION = YES;
				CLANG_WARN_DEPRECATED_OBJC_IMPLEMENTATIONS = YES;
				CLANG_WARN_DIRECT_OBJC_ISA_USAGE = YES_ERROR;
				CLANG_WARN_DOCUMENTATION_COMMENTS = YES;
				CLANG_WARN_EMPTY_BODY = YES;
				CLANG_WARN_ENUM_CONVERSION = YES;
				CLANG_WARN_INFINITE_RECURSION = YES;
				CLANG_WARN_INT_CONVERSION = YES;
				CLANG_WARN_NON_LITERAL_NULL_CONVERSION = YES;
				CLANG_WARN_OBJC_IMPLICIT_RETAIN_SELF = YES;
				CLANG_WARN_OBJC_LITERAL_CONVERSION = YES;
				CLANG_WARN_OBJC_ROOT_CLASS = YES_ERROR;
				CLANG_WARN_QUOTED_INCLUDE_IN_FRAMEWORK_HEADER = YES;
				CLANG_WARN_RANGE_LOOP_ANALYSIS = YES;
				CLANG_WARN_STRICT_PROTOTYPES = YES;
				CLANG_WARN_SUSPICIOUS_MOVE = YES;
				CLANG_WARN_UNGUARDED_AVAILABILITY = YES_AGGRESSIVE;
				CLANG_WARN_UNREACHABLE_CODE = YES;
				CLANG_WARN__DUPLICATE_METHOD_MATCH = YES;
				COPY_PHASE_STRIP = NO;
				DEBUG_INFORMATION_FORMAT = dwarf;
				ENABLE_STRICT_OBJC_MSGSEND = YES;
				ENABLE_TESTABILITY = YES;
				GCC_C_LANGUAGE_STANDARD = gnu11;
				GCC_DYNAMIC_NO_PIC = NO;
				GCC_NO_COMMON_BLOCKS = YES;
				GCC_OPTIMIZATION_LEVEL = 0;
				GCC_PREPROCESSOR_DEFINITIONS = (
					"DEBUG=1",
					"$(inherited)",
				);
				GCC_WARN_64_TO_32_BIT_CONVERSION = YES;
				GCC_WARN_ABOUT_RETURN_TYPE = YES_ERROR;
				GCC_WARN_UNDECLARED_SELECTOR = YES;
				GCC_WARN_UNINITIALIZED_AUTOS = YES_AGGRESSIVE;
				GCC_WARN_UNUSED_FUNCTION = YES;
				GCC_WARN_UNUSED_VARIABLE = YES;
				IPHONEOS_DEPLOYMENT_TARGET = 15.2;
				MTL_ENABLE_DEBUG_INFO = INCLUDE_SOURCE;
				MTL_FAST_MATH = YES;
				ONLY_ACTIVE_ARCH = YES;
				SDKROOT = iphoneos;
				SWIFT_ACTIVE_COMPILATION_CONDITIONS = DEBUG;
				SWIFT_OPTIMIZATION_LEVEL = "-Onone";
			};
			name = Debug;
		};
		5FD3E56E2785FBC0002EDA5F /* Release */ = {
			isa = XCBuildConfiguration;
			buildSettings = {
				ALWAYS_SEARCH_USER_PATHS = NO;
				CLANG_ANALYZER_NONNULL = YES;
				CLANG_ANALYZER_NUMBER_OBJECT_CONVERSION = YES_AGGRESSIVE;
				CLANG_CXX_LANGUAGE_STANDARD = "gnu++17";
				CLANG_CXX_LIBRARY = "libc++";
				CLANG_ENABLE_MODULES = YES;
				CLANG_ENABLE_OBJC_ARC = YES;
				CLANG_ENABLE_OBJC_WEAK = YES;
				CLANG_WARN_BLOCK_CAPTURE_AUTORELEASING = YES;
				CLANG_WARN_BOOL_CONVERSION = YES;
				CLANG_WARN_COMMA = YES;
				CLANG_WARN_CONSTANT_CONVERSION = YES;
				CLANG_WARN_DEPRECATED_OBJC_IMPLEMENTATIONS = YES;
				CLANG_WARN_DIRECT_OBJC_ISA_USAGE = YES_ERROR;
				CLANG_WARN_DOCUMENTATION_COMMENTS = YES;
				CLANG_WARN_EMPTY_BODY = YES;
				CLANG_WARN_ENUM_CONVERSION = YES;
				CLANG_WARN_INFINITE_RECURSION = YES;
				CLANG_WARN_INT_CONVERSION = YES;
				CLANG_WARN_NON_LITERAL_NULL_CONVERSION = YES;
				CLANG_WARN_OBJC_IMPLICIT_RETAIN_SELF = YES;
				CLANG_WARN_OBJC_LITERAL_CONVERSION = YES;
				CLANG_WARN_OBJC_ROOT_CLASS = YES_ERROR;
				CLANG_WARN_QUOTED_INCLUDE_IN_FRAMEWORK_HEADER = YES;
				CLANG_WARN_RANGE_LOOP_ANALYSIS = YES;
				CLANG_WARN_STRICT_PROTOTYPES = YES;
				CLANG_WARN_SUSPICIOUS_MOVE = YES;
				CLANG_WARN_UNGUARDED_AVAILABILITY = YES_AGGRESSIVE;
				CLANG_WARN_UNREACHABLE_CODE = YES;
				CLANG_WARN__DUPLICATE_METHOD_MATCH = YES;
				COPY_PHASE_STRIP = NO;
				DEBUG_INFORMATION_FORMAT = "dwarf-with-dsym";
				ENABLE_NS_ASSERTIONS = NO;
				ENABLE_STRICT_OBJC_MSGSEND = YES;
				GCC_C_LANGUAGE_STANDARD = gnu11;
				GCC_NO_COMMON_BLOCKS = YES;
				GCC_WARN_64_TO_32_BIT_CONVERSION = YES;
				GCC_WARN_ABOUT_RETURN_TYPE = YES_ERROR;
				GCC_WARN_UNDECLARED_SELECTOR = YES;
				GCC_WARN_UNINITIALIZED_AUTOS = YES_AGGRESSIVE;
				GCC_WARN_UNUSED_FUNCTION = YES;
				GCC_WARN_UNUSED_VARIABLE = YES;
				IPHONEOS_DEPLOYMENT_TARGET = 15.2;
				MTL_ENABLE_DEBUG_INFO = NO;
				MTL_FAST_MATH = YES;
				SDKROOT = iphoneos;
				SWIFT_COMPILATION_MODE = wholemodule;
				SWIFT_OPTIMIZATION_LEVEL = "-O";
				VALIDATE_PRODUCT = YES;
			};
			name = Release;
		};
		5FD3E5702785FBC0002EDA5F /* Debug */ = {
			isa = XCBuildConfiguration;
			buildSettings = {
				ASSETCATALOG_COMPILER_APPICON_NAME = AppIcon;
				ASSETCATALOG_COMPILER_GLOBAL_ACCENT_COLOR_NAME = AccentColor;
				CODE_SIGN_STYLE = Automatic;
				CURRENT_PROJECT_VERSION = 1;
				DEVELOPMENT_ASSET_PATHS = "\"keopi-app/Preview Content\"";
				DEVELOPMENT_TEAM = Q3JU6T27Y3;
				ENABLE_PREVIEWS = YES;
				GENERATE_INFOPLIST_FILE = YES;
				INFOPLIST_KEY_UIApplicationSceneManifest_Generation = YES;
				INFOPLIST_KEY_UIApplicationSupportsIndirectInputEvents = YES;
				INFOPLIST_KEY_UILaunchScreen_Generation = YES;
				INFOPLIST_KEY_UISupportedInterfaceOrientations_iPad = "UIInterfaceOrientationPortrait UIInterfaceOrientationPortraitUpsideDown UIInterfaceOrientationLandscapeLeft UIInterfaceOrientationLandscapeRight";
				INFOPLIST_KEY_UISupportedInterfaceOrientations_iPhone = "UIInterfaceOrientationPortrait UIInterfaceOrientationLandscapeLeft UIInterfaceOrientationLandscapeRight";
				LD_RUNPATH_SEARCH_PATHS = (
					"$(inherited)",
					"@executable_path/Frameworks",
				);
				MARKETING_VERSION = 1.0;
				PRODUCT_BUNDLE_IDENTIFIER = "com.lukinafirmetina.keopi-app";
				PRODUCT_NAME = "$(TARGET_NAME)";
				SWIFT_EMIT_LOC_STRINGS = YES;
				SWIFT_VERSION = 5.0;
				TARGETED_DEVICE_FAMILY = "1,2";
			};
			name = Debug;
		};
		5FD3E5712785FBC0002EDA5F /* Release */ = {
			isa = XCBuildConfiguration;
			buildSettings = {
				ASSETCATALOG_COMPILER_APPICON_NAME = AppIcon;
				ASSETCATALOG_COMPILER_GLOBAL_ACCENT_COLOR_NAME = AccentColor;
				CODE_SIGN_STYLE = Automatic;
				CURRENT_PROJECT_VERSION = 1;
				DEVELOPMENT_ASSET_PATHS = "\"keopi-app/Preview Content\"";
				DEVELOPMENT_TEAM = Q3JU6T27Y3;
				ENABLE_PREVIEWS = YES;
				GENERATE_INFOPLIST_FILE = YES;
				INFOPLIST_KEY_UIApplicationSceneManifest_Generation = YES;
				INFOPLIST_KEY_UIApplicationSupportsIndirectInputEvents = YES;
				INFOPLIST_KEY_UILaunchScreen_Generation = YES;
				INFOPLIST_KEY_UISupportedInterfaceOrientations_iPad = "UIInterfaceOrientationPortrait UIInterfaceOrientationPortraitUpsideDown UIInterfaceOrientationLandscapeLeft UIInterfaceOrientationLandscapeRight";
				INFOPLIST_KEY_UISupportedInterfaceOrientations_iPhone = "UIInterfaceOrientationPortrait UIInterfaceOrientationLandscapeLeft UIInterfaceOrientationLandscapeRight";
				LD_RUNPATH_SEARCH_PATHS = (
					"$(inherited)",
					"@executable_path/Frameworks",
				);
				MARKETING_VERSION = 1.0;
				PRODUCT_BUNDLE_IDENTIFIER = "com.lukinafirmetina.keopi-app";
				PRODUCT_NAME = "$(TARGET_NAME)";
				SWIFT_EMIT_LOC_STRINGS = YES;
				SWIFT_VERSION = 5.0;
				TARGETED_DEVICE_FAMILY = "1,2";
			};
			name = Release;
		};
/* End XCBuildConfiguration section */

/* Begin XCConfigurationList section */
		5FD3E55C2785FBC0002EDA5F /* Build configuration list for PBXProject "keopi-app" */ = {
			isa = XCConfigurationList;
			buildConfigurations = (
				5FD3E56D2785FBC0002EDA5F /* Debug */,
				5FD3E56E2785FBC0002EDA5F /* Release */,
			);
			defaultConfigurationIsVisible = 0;
			defaultConfigurationName = Release;
		};
		5FD3E56F2785FBC0002EDA5F /* Build configuration list for PBXNativeTarget "keopi-app" */ = {
			isa = XCConfigurationList;
			buildConfigurations = (
				5FD3E5702785FBC0002EDA5F /* Debug */,
				5FD3E5712785FBC0002EDA5F /* Release */,
			);
			defaultConfigurationIsVisible = 0;
			defaultConfigurationName = Release;
		};
/* End XCConfigurationList section */
	};
	rootObject = 5FD3E5592785FBBF002EDA5F /* Project object */;
}
